
Microsoft Visual Studio Solution File, Format Version 12.00
# Visual Studio 15
VisualStudioVersion = 15.0.26430.15
MinimumVisualStudioVersion = 10.0.40219.1
Project("{FAE04EC0-301F-11D3-BF4B-00C04F79EFBC}") = "MvvmAtomSample", "MvvmAtomSample\MvvmAtomSample\MvvmAtomSample.csproj", "{2965AAAB-E5D6-4F66-A632-4DA26B075567}"
EndProject
Project("{FAE04EC0-301F-11D3-BF4B-00C04F79EFBC}") = "MvvmAtomSample.Droid", "MvvmAtomSample\MvvmAtomSample.Droid\MvvmAtomSample.Droid.csproj", "{6A8D8FF3-7819-4E47-B45D-469F089A2351}"
EndProject
Project("{FAE04EC0-301F-11D3-BF4B-00C04F79EFBC}") = "MvvmAtomSample.iOS", "MvvmAtomSample\MvvmAtomSample.iOS\MvvmAtomSample.iOS.csproj", "{86C0C6B7-1491-4C34-A01D-36FBB5B2F4F9}"
EndProject
Global
	GlobalSection(SolutionConfigurationPlatforms) = preSolution
		Ad-Hoc|Any CPU = Ad-Hoc|Any CPU
		Ad-Hoc|ARM = Ad-Hoc|ARM
		Ad-Hoc|iPhone = Ad-Hoc|iPhone
		Ad-Hoc|iPhoneSimulator = Ad-Hoc|iPhoneSimulator
		Ad-Hoc|x64 = Ad-Hoc|x64
		Ad-Hoc|x86 = Ad-Hoc|x86
		AppStore|Any CPU = AppStore|Any CPU
		AppStore|ARM = AppStore|ARM
		AppStore|iPhone = AppStore|iPhone
		AppStore|iPhoneSimulator = AppStore|iPhoneSimulator
		AppStore|x64 = AppStore|x64
		AppStore|x86 = AppStore|x86
		Debug|Any CPU = Debug|Any CPU
		Debug|ARM = Debug|ARM
		Debug|iPhone = Debug|iPhone
		Debug|iPhoneSimulator = Debug|iPhoneSimulator
		Debug|x64 = Debug|x64
		Debug|x86 = Debug|x86
		Release|Any CPU = Release|Any CPU
		Release|ARM = Release|ARM
		Release|iPhone = Release|iPhone
		Release|iPhoneSimulator = Release|iPhoneSimulator
		Release|x64 = Release|x64
		Release|x86 = Release|x86
	EndGlobalSection
	GlobalSection(ProjectConfigurationPlatforms) = postSolution
		{2965AAAB-E5D6-4F66-A632-4DA26B075567}.Ad-Hoc|Any CPU.ActiveCfg = Release|Any CPU
		{2965AAAB-E5D6-4F66-A632-4DA26B075567}.Ad-Hoc|Any CPU.Build.0 = Release|Any CPU
		{2965AAAB-E5D6-4F66-A632-4DA26B075567}.Ad-Hoc|ARM.ActiveCfg = Release|Any CPU
		{2965AAAB-E5D6-4F66-A632-4DA26B075567}.Ad-Hoc|ARM.Build.0 = Release|Any CPU
		{2965AAAB-E5D6-4F66-A632-4DA26B075567}.Ad-Hoc|iPhone.ActiveCfg = Release|Any CPU
		{2965AAAB-E5D6-4F66-A632-4DA26B075567}.Ad-Hoc|iPhone.Build.0 = Release|Any CPU
		{2965AAAB-E5D6-4F66-A632-4DA26B075567}.Ad-Hoc|iPhoneSimulator.ActiveCfg = Release|Any CPU
		{2965AAAB-E5D6-4F66-A632-4DA26B075567}.Ad-Hoc|iPhoneSimulator.Build.0 = Release|Any CPU
		{2965AAAB-E5D6-4F66-A632-4DA26B075567}.Ad-Hoc|x64.ActiveCfg = Release|Any CPU
		{2965AAAB-E5D6-4F66-A632-4DA26B075567}.Ad-Hoc|x64.Build.0 = Release|Any CPU
		{2965AAAB-E5D6-4F66-A632-4DA26B075567}.Ad-Hoc|x86.ActiveCfg = Release|Any CPU
		{2965AAAB-E5D6-4F66-A632-4DA26B075567}.Ad-Hoc|x86.Build.0 = Release|Any CPU
		{2965AAAB-E5D6-4F66-A632-4DA26B075567}.AppStore|Any CPU.ActiveCfg = Release|Any CPU
		{2965AAAB-E5D6-4F66-A632-4DA26B075567}.AppStore|Any CPU.Build.0 = Release|Any CPU
		{2965AAAB-E5D6-4F66-A632-4DA26B075567}.AppStore|ARM.ActiveCfg = Release|Any CPU
		{2965AAAB-E5D6-4F66-A632-4DA26B075567}.AppStore|ARM.Build.0 = Release|Any CPU
		{2965AAAB-E5D6-4F66-A632-4DA26B075567}.AppStore|iPhone.ActiveCfg = Release|Any CPU
		{2965AAAB-E5D6-4F66-A632-4DA26B075567}.AppStore|iPhone.Build.0 = Release|Any CPU
		{2965AAAB-E5D6-4F66-A632-4DA26B075567}.AppStore|iPhoneSimulator.ActiveCfg = Release|Any CPU
		{2965AAAB-E5D6-4F66-A632-4DA26B075567}.AppStore|iPhoneSimulator.Build.0 = Release|Any CPU
		{2965AAAB-E5D6-4F66-A632-4DA26B075567}.AppStore|x64.ActiveCfg = Release|Any CPU
		{2965AAAB-E5D6-4F66-A632-4DA26B075567}.AppStore|x64.Build.0 = Release|Any CPU
		{2965AAAB-E5D6-4F66-A632-4DA26B075567}.AppStore|x86.ActiveCfg = Release|Any CPU
		{2965AAAB-E5D6-4F66-A632-4DA26B075567}.AppStore|x86.Build.0 = Release|Any CPU
		{2965AAAB-E5D6-4F66-A632-4DA26B075567}.Debug|Any CPU.ActiveCfg = Debug|Any CPU
		{2965AAAB-E5D6-4F66-A632-4DA26B075567}.Debug|Any CPU.Build.0 = Debug|Any CPU
		{2965AAAB-E5D6-4F66-A632-4DA26B075567}.Debug|ARM.ActiveCfg = Debug|Any CPU
		{2965AAAB-E5D6-4F66-A632-4DA26B075567}.Debug|ARM.Build.0 = Debug|Any CPU
		{2965AAAB-E5D6-4F66-A632-4DA26B075567}.Debug|iPhone.ActiveCfg = Debug|Any CPU
		{2965AAAB-E5D6-4F66-A632-4DA26B075567}.Debug|iPhone.Build.0 = Debug|Any CPU
		{2965AAAB-E5D6-4F66-A632-4DA26B075567}.Debug|iPhoneSimulator.ActiveCfg = Debug|Any CPU
		{2965AAAB-E5D6-4F66-A632-4DA26B075567}.Debug|iPhoneSimulator.Build.0 = Debug|Any CPU
		{2965AAAB-E5D6-4F66-A632-4DA26B075567}.Debug|x64.ActiveCfg = Debug|Any CPU
		{2965AAAB-E5D6-4F66-A632-4DA26B075567}.Debug|x64.Build.0 = Debug|Any CPU
		{2965AAAB-E5D6-4F66-A632-4DA26B075567}.Debug|x86.ActiveCfg = Debug|Any CPU
		{2965AAAB-E5D6-4F66-A632-4DA26B075567}.Debug|x86.Build.0 = Debug|Any CPU
		{2965AAAB-E5D6-4F66-A632-4DA26B075567}.Release|Any CPU.ActiveCfg = Release|Any CPU
		{2965AAAB-E5D6-4F66-A632-4DA26B075567}.Release|Any CPU.Build.0 = Release|Any CPU
		{2965AAAB-E5D6-4F66-A632-4DA26B075567}.Release|ARM.ActiveCfg = Release|Any CPU
		{2965AAAB-E5D6-4F66-A632-4DA26B075567}.Release|ARM.Build.0 = Release|Any CPU
		{2965AAAB-E5D6-4F66-A632-4DA26B075567}.Release|iPhone.ActiveCfg = Release|Any CPU
		{2965AAAB-E5D6-4F66-A632-4DA26B075567}.Release|iPhone.Build.0 = Release|Any CPU
		{2965AAAB-E5D6-4F66-A632-4DA26B075567}.Release|iPhoneSimulator.ActiveCfg = Release|Any CPU
		{2965AAAB-E5D6-4F66-A632-4DA26B075567}.Release|iPhoneSimulator.Build.0 = Release|Any CPU
		{2965AAAB-E5D6-4F66-A632-4DA26B075567}.Release|x64.ActiveCfg = Release|Any CPU
		{2965AAAB-E5D6-4F66-A632-4DA26B075567}.Release|x64.Build.0 = Release|Any CPU
		{2965AAAB-E5D6-4F66-A632-4DA26B075567}.Release|x86.ActiveCfg = Release|Any CPU
		{2965AAAB-E5D6-4F66-A632-4DA26B075567}.Release|x86.Build.0 = Release|Any CPU
		{6A8D8FF3-7819-4E47-B45D-469F089A2351}.Ad-Hoc|Any CPU.ActiveCfg = Release|Any CPU
		{6A8D8FF3-7819-4E47-B45D-469F089A2351}.Ad-Hoc|Any CPU.Build.0 = Release|Any CPU
		{6A8D8FF3-7819-4E47-B45D-469F089A2351}.Ad-Hoc|Any CPU.Deploy.0 = Release|Any CPU
		{6A8D8FF3-7819-4E47-B45D-469F089A2351}.Ad-Hoc|ARM.ActiveCfg = Release|Any CPU
		{6A8D8FF3-7819-4E47-B45D-469F089A2351}.Ad-Hoc|ARM.Build.0 = Release|Any CPU
		{6A8D8FF3-7819-4E47-B45D-469F089A2351}.Ad-Hoc|ARM.Deploy.0 = Release|Any CPU
		{6A8D8FF3-7819-4E47-B45D-469F089A2351}.Ad-Hoc|iPhone.ActiveCfg = Release|Any CPU
		{6A8D8FF3-7819-4E47-B45D-469F089A2351}.Ad-Hoc|iPhone.Build.0 = Release|Any CPU
		{6A8D8FF3-7819-4E47-B45D-469F089A2351}.Ad-Hoc|iPhone.Deploy.0 = Release|Any CPU
		{6A8D8FF3-7819-4E47-B45D-469F089A2351}.Ad-Hoc|iPhoneSimulator.ActiveCfg = Release|Any CPU
		{6A8D8FF3-7819-4E47-B45D-469F089A2351}.Ad-Hoc|iPhoneSimulator.Build.0 = Release|Any CPU
		{6A8D8FF3-7819-4E47-B45D-469F089A2351}.Ad-Hoc|iPhoneSimulator.Deploy.0 = Release|Any CPU
		{6A8D8FF3-7819-4E47-B45D-469F089A2351}.Ad-Hoc|x64.ActiveCfg = Release|Any CPU
		{6A8D8FF3-7819-4E47-B45D-469F089A2351}.Ad-Hoc|x64.Build.0 = Release|Any CPU
		{6A8D8FF3-7819-4E47-B45D-469F089A2351}.Ad-Hoc|x64.Deploy.0 = Release|Any CPU
		{6A8D8FF3-7819-4E47-B45D-469F089A2351}.Ad-Hoc|x86.ActiveCfg = Release|Any CPU
		{6A8D8FF3-7819-4E47-B45D-469F089A2351}.Ad-Hoc|x86.Build.0 = Release|Any CPU
		{6A8D8FF3-7819-4E47-B45D-469F089A2351}.Ad-Hoc|x86.Deploy.0 = Release|Any CPU
		{6A8D8FF3-7819-4E47-B45D-469F089A2351}.AppStore|Any CPU.ActiveCfg = Release|Any CPU
		{6A8D8FF3-7819-4E47-B45D-469F089A2351}.AppStore|Any CPU.Build.0 = Release|Any CPU
		{6A8D8FF3-7819-4E47-B45D-469F089A2351}.AppStore|Any CPU.Deploy.0 = Release|Any CPU
		{6A8D8FF3-7819-4E47-B45D-469F089A2351}.AppStore|ARM.ActiveCfg = Release|Any CPU
		{6A8D8FF3-7819-4E47-B45D-469F089A2351}.AppStore|ARM.Build.0 = Release|Any CPU
		{6A8D8FF3-7819-4E47-B45D-469F089A2351}.AppStore|ARM.Deploy.0 = Release|Any CPU
		{6A8D8FF3-7819-4E47-B45D-469F089A2351}.AppStore|iPhone.ActiveCfg = Release|Any CPU
		{6A8D8FF3-7819-4E47-B45D-469F089A2351}.AppStore|iPhone.Build.0 = Release|Any CPU
		{6A8D8FF3-7819-4E47-B45D-469F089A2351}.AppStore|iPhone.Deploy.0 = Release|Any CPU
		{6A8D8FF3-7819-4E47-B45D-469F089A2351}.AppStore|iPhoneSimulator.ActiveCfg = Release|Any CPU
		{6A8D8FF3-7819-4E47-B45D-469F089A2351}.AppStore|iPhoneSimulator.Build.0 = Release|Any CPU
		{6A8D8FF3-7819-4E47-B45D-469F089A2351}.AppStore|iPhoneSimulator.Deploy.0 = Release|Any CPU
		{6A8D8FF3-7819-4E47-B45D-469F089A2351}.AppStore|x64.ActiveCfg = Release|Any CPU
		{6A8D8FF3-7819-4E47-B45D-469F089A2351}.AppStore|x64.Build.0 = Release|Any CPU
		{6A8D8FF3-7819-4E47-B45D-469F089A2351}.AppStore|x64.Deploy.0 = Release|Any CPU
		{6A8D8FF3-7819-4E47-B45D-469F089A2351}.AppStore|x86.ActiveCfg = Release|Any CPU
		{6A8D8FF3-7819-4E47-B45D-469F089A2351}.AppStore|x86.Build.0 = Release|Any CPU
		{6A8D8FF3-7819-4E47-B45D-469F089A2351}.AppStore|x86.Deploy.0 = Release|Any CPU
		{6A8D8FF3-7819-4E47-B45D-469F089A2351}.Debug|Any CPU.ActiveCfg = Debug|Any CPU
		{6A8D8FF3-7819-4E47-B45D-469F089A2351}.Debug|Any CPU.Build.0 = Debug|Any CPU
		{6A8D8FF3-7819-4E47-B45D-469F089A2351}.Debug|Any CPU.Deploy.0 = Debug|Any CPU
		{6A8D8FF3-7819-4E47-B45D-469F089A2351}.Debug|ARM.ActiveCfg = Debug|Any CPU
		{6A8D8FF3-7819-4E47-B45D-469F089A2351}.Debug|ARM.Build.0 = Debug|Any CPU
		{6A8D8FF3-7819-4E47-B45D-469F089A2351}.Debug|ARM.Deploy.0 = Debug|Any CPU
		{6A8D8FF3-7819-4E47-B45D-469F089A2351}.Debug|iPhone.ActiveCfg = Debug|Any CPU
		{6A8D8FF3-7819-4E47-B45D-469F089A2351}.Debug|iPhone.Build.0 = Debug|Any CPU
		{6A8D8FF3-7819-4E47-B45D-469F089A2351}.Debug|iPhone.Deploy.0 = Debug|Any CPU
		{6A8D8FF3-7819-4E47-B45D-469F089A2351}.Debug|iPhoneSimulator.ActiveCfg = Debug|Any CPU
		{6A8D8FF3-7819-4E47-B45D-469F089A2351}.Debug|iPhoneSimulator.Build.0 = Debug|Any CPU
		{6A8D8FF3-7819-4E47-B45D-469F089A2351}.Debug|iPhoneSimulator.Deploy.0 = Debug|Any CPU
		{6A8D8FF3-7819-4E47-B45D-469F089A2351}.Debug|x64.ActiveCfg = Debug|Any CPU
		{6A8D8FF3-7819-4E47-B45D-469F089A2351}.Debug|x64.Build.0 = Debug|Any CPU
		{6A8D8FF3-7819-4E47-B45D-469F089A2351}.Debug|x64.Deploy.0 = Debug|Any CPU
		{6A8D8FF3-7819-4E47-B45D-469F089A2351}.Debug|x86.ActiveCfg = Debug|Any CPU
		{6A8D8FF3-7819-4E47-B45D-469F089A2351}.Debug|x86.Build.0 = Debug|Any CPU
		{6A8D8FF3-7819-4E47-B45D-469F089A2351}.Debug|x86.Deploy.0 = Debug|Any CPU
		{6A8D8FF3-7819-4E47-B45D-469F089A2351}.Release|Any CPU.ActiveCfg = Release|Any CPU
		{6A8D8FF3-7819-4E47-B45D-469F089A2351}.Release|Any CPU.Build.0 = Release|Any CPU
		{6A8D8FF3-7819-4E47-B45D-469F089A2351}.Release|Any CPU.Deploy.0 = Release|Any CPU
		{6A8D8FF3-7819-4E47-B45D-469F089A2351}.Release|ARM.ActiveCfg = Release|Any CPU
		{6A8D8FF3-7819-4E47-B45D-469F089A2351}.Release|ARM.Build.0 = Release|Any CPU
		{6A8D8FF3-7819-4E47-B45D-469F089A2351}.Release|ARM.Deploy.0 = Release|Any CPU
		{6A8D8FF3-7819-4E47-B45D-469F089A2351}.Release|iPhone.ActiveCfg = Release|Any CPU
		{6A8D8FF3-7819-4E47-B45D-469F089A2351}.Release|iPhone.Build.0 = Release|Any CPU
		{6A8D8FF3-7819-4E47-B45D-469F089A2351}.Release|iPhone.Deploy.0 = Release|Any CPU
		{6A8D8FF3-7819-4E47-B45D-469F089A2351}.Release|iPhoneSimulator.ActiveCfg = Release|Any CPU
		{6A8D8FF3-7819-4E47-B45D-469F089A2351}.Release|iPhoneSimulator.Build.0 = Release|Any CPU
		{6A8D8FF3-7819-4E47-B45D-469F089A2351}.Release|iPhoneSimulator.Deploy.0 = Release|Any CPU
		{6A8D8FF3-7819-4E47-B45D-469F089A2351}.Release|x64.ActiveCfg = Release|Any CPU
		{6A8D8FF3-7819-4E47-B45D-469F089A2351}.Release|x64.Build.0 = Release|Any CPU
		{6A8D8FF3-7819-4E47-B45D-469F089A2351}.Release|x64.Deploy.0 = Release|Any CPU
		{6A8D8FF3-7819-4E47-B45D-469F089A2351}.Release|x86.ActiveCfg = Release|Any CPU
		{6A8D8FF3-7819-4E47-B45D-469F089A2351}.Release|x86.Build.0 = Release|Any CPU
		{6A8D8FF3-7819-4E47-B45D-469F089A2351}.Release|x86.Deploy.0 = Release|Any CPU
		{86C0C6B7-1491-4C34-A01D-36FBB5B2F4F9}.Ad-Hoc|Any CPU.ActiveCfg = Ad-Hoc|iPhone
		{86C0C6B7-1491-4C34-A01D-36FBB5B2F4F9}.Ad-Hoc|ARM.ActiveCfg = Ad-Hoc|iPhone
		{86C0C6B7-1491-4C34-A01D-36FBB5B2F4F9}.Ad-Hoc|iPhone.ActiveCfg = Ad-Hoc|iPhone
		{86C0C6B7-1491-4C34-A01D-36FBB5B2F4F9}.Ad-Hoc|iPhone.Build.0 = Ad-Hoc|iPhone
		{86C0C6B7-1491-4C34-A01D-36FBB5B2F4F9}.Ad-Hoc|iPhoneSimulator.ActiveCfg = Ad-Hoc|iPhoneSimulator
		{86C0C6B7-1491-4C34-A01D-36FBB5B2F4F9}.Ad-Hoc|iPhoneSimulator.Build.0 = Ad-Hoc|iPhoneSimulator
		{86C0C6B7-1491-4C34-A01D-36FBB5B2F4F9}.Ad-Hoc|x64.ActiveCfg = Ad-Hoc|iPhone
		{86C0C6B7-1491-4C34-A01D-36FBB5B2F4F9}.Ad-Hoc|x86.ActiveCfg = Ad-Hoc|iPhone
		{86C0C6B7-1491-4C34-A01D-36FBB5B2F4F9}.AppStore|Any CPU.ActiveCfg = AppStore|iPhone
		{86C0C6B7-1491-4C34-A01D-36FBB5B2F4F9}.AppStore|ARM.ActiveCfg = AppStore|iPhone
		{86C0C6B7-1491-4C34-A01D-36FBB5B2F4F9}.AppStore|iPhone.ActiveCfg = AppStore|iPhone
		{86C0C6B7-1491-4C34-A01D-36FBB5B2F4F9}.AppStore|iPhone.Build.0 = AppStore|iPhone
		{86C0C6B7-1491-4C34-A01D-36FBB5B2F4F9}.AppStore|iPhoneSimulator.ActiveCfg = AppStore|iPhoneSimulator
		{86C0C6B7-1491-4C34-A01D-36FBB5B2F4F9}.AppStore|iPhoneSimulator.Build.0 = AppStore|iPhoneSimulator
		{86C0C6B7-1491-4C34-A01D-36FBB5B2F4F9}.AppStore|x64.ActiveCfg = AppStore|iPhone
		{86C0C6B7-1491-4C34-A01D-36FBB5B2F4F9}.AppStore|x86.ActiveCfg = AppStore|iPhone
		{86C0C6B7-1491-4C34-A01D-36FBB5B2F4F9}.Debug|Any CPU.ActiveCfg = Debug|iPhone
		{86C0C6B7-1491-4C34-A01D-36FBB5B2F4F9}.Debug|ARM.ActiveCfg = Debug|iPhone
		{86C0C6B7-1491-4C34-A01D-36FBB5B2F4F9}.Debug|iPhone.ActiveCfg = Debug|iPhone
		{86C0C6B7-1491-4C34-A01D-36FBB5B2F4F9}.Debug|iPhone.Build.0 = Debug|iPhone
		{86C0C6B7-1491-4C34-A01D-36FBB5B2F4F9}.Debug|iPhoneSimulator.ActiveCfg = Debug|iPhoneSimulator
		{86C0C6B7-1491-4C34-A01D-36FBB5B2F4F9}.Debug|iPhoneSimulator.Build.0 = Debug|iPhoneSimulator
		{86C0C6B7-1491-4C34-A01D-36FBB5B2F4F9}.Debug|x64.ActiveCfg = Debug|iPhone
		{86C0C6B7-1491-4C34-A01D-36FBB5B2F4F9}.Debug|x86.ActiveCfg = Debug|iPhone
		{86C0C6B7-1491-4C34-A01D-36FBB5B2F4F9}.Release|Any CPU.ActiveCfg = Release|iPhone
		{86C0C6B7-1491-4C34-A01D-36FBB5B2F4F9}.Release|ARM.ActiveCfg = Release|iPhone
		{86C0C6B7-1491-4C34-A01D-36FBB5B2F4F9}.Release|iPhone.ActiveCfg = Release|iPhone
		{86C0C6B7-1491-4C34-A01D-36FBB5B2F4F9}.Release|iPhone.Build.0 = Release|iPhone
		{86C0C6B7-1491-4C34-A01D-36FBB5B2F4F9}.Release|iPhoneSimulator.ActiveCfg = Release|iPhoneSimulator
		{86C0C6B7-1491-4C34-A01D-36FBB5B2F4F9}.Release|iPhoneSimulator.Build.0 = Release|iPhoneSimulator
		{86C0C6B7-1491-4C34-A01D-36FBB5B2F4F9}.Release|x64.ActiveCfg = Release|iPhone
		{86C0C6B7-1491-4C34-A01D-36FBB5B2F4F9}.Release|x86.ActiveCfg = Release|iPhone
	EndGlobalSection
	GlobalSection(SolutionProperties) = preSolution
		HideSolutionNode = FALSE
	EndGlobalSection
EndGlobal
